{
  "https://cdn.skypack.dev/-/nanoclone@v0.2.1-ZuCgEBPFq6PJo7Zsufwl/dist=es2020,mode=imports/optimized/nanoclone.js": "5d96091ee6a65b053c7215a96286f1c8a206ca2304378496dbdd832217e4854d",
  "https://cdn.skypack.dev/-/property-expr@v2.0.4-EBDskEGXSDwAtFOLyJG0/dist=es2020,mode=imports/optimized/property-expr.js": "f950bca58e3fd4444addcb4813796090d778bb40a742140b74629eed2fdbee77",
  "https://cdn.skypack.dev/-/toposort@v2.0.2-Uux3gYGPtoF0E7ZSTTEg/dist=es2020,mode=imports/optimized/toposort.js": "329da627fa8f7b47dbd1905d9ddc7f94390608d160e3bf1d575f76b9dc3ada5f",
  "https://cdn.skypack.dev/-/yup@v0.32.9-7S9NI8QRAljrd7rctNp1/dist=es2020,mode=imports/optimized/yup.js": "7a1287c5ac9e15591880072008ca1e304c325ed8f9135e07a9b155d9ec544d15",
  "https://cdn.skypack.dev/-/yup@v0.32.9-qdCWnhoDCTbWND64bFfH/dist=es2020,mode=imports/optimized/yup.js": "7a1287c5ac9e15591880072008ca1e304c325ed8f9135e07a9b155d9ec544d15",
  "https://cdn.skypack.dev/-/yup@v0.32.9-qdCWnhoDCTbWND64bFfH/dist=es2020,mode=types/index.d.ts": "c064519389b58e1705acfa024d9fd294cff33ce9047481516a6b59343b03c683",
  "https://cdn.skypack.dev/pin/yup@v0.32.9-7S9NI8QRAljrd7rctNp1/mode=imports/optimized/yup.js": "1156ec760fff592665a4a3eaaf5d651152a19a5b492678399ec10f9f3f6cb896",
  "https://cdn.skypack.dev/yup@0.32.9?dts": "c9396e016d269b871c997fb5e6a86704c1131a2a0c3c185f82b9c39ce74a8300",
  "https://deno.land/std@0.69.0/_util/assert.ts": "e1f76e77c5ccb5a8e0dbbbe6cce3a56d2556c8cb5a9a8802fc9565af72462149",
  "https://deno.land/std@0.69.0/path/_constants.ts": "aba480c4a2c098b6374fdd5951fea13ecc8aaaf8b8aa4dae1871baa50243d676",
  "https://deno.land/std@0.69.0/path/_interface.ts": "5876f91d35fd42624893a4aaddaee352144e1f46e719f1dde6511bab7c3c1029",
  "https://deno.land/std@0.69.0/path/_util.ts": "f0fa012d40ae9b6acbef03908e534eb11e694de6470fb4d78ea4f38829e735ab",
  "https://deno.land/std@0.69.0/path/common.ts": "e4ec66a7416d56f60331b66e27a8a4f08c7b1cf48e350271cb69754a01cf5c04",
  "https://deno.land/std@0.69.0/path/glob.ts": "43cc45e8649a35a199c4106dfdf66206f46dfd8e2e626a746512c1a1376fde99",
  "https://deno.land/std@0.69.0/path/mod.ts": "6de8885c2534757097818e302becd1cefcbc4c28ac022cc279e612ee04e8cfd1",
  "https://deno.land/std@0.69.0/path/posix.ts": "40c387415fca91b3482214cf74880c415cda90b337bebd2c9d4b62d2097bc146",
  "https://deno.land/std@0.69.0/path/separator.ts": "9dd15d46ff84a16e13554f56af7fee1f85f8d0f379efbbe60ac066a60561f036",
  "https://deno.land/std@0.69.0/path/win32.ts": "9e200471f24fb560d22e74b238133cb75ebb57bead933de1cc5aefed4cda3346",
  "https://deno.land/std@0.71.0/_util/assert.ts": "e1f76e77c5ccb5a8e0dbbbe6cce3a56d2556c8cb5a9a8802fc9565af72462149",
  "https://deno.land/std@0.71.0/archive/tar.ts": "5a0a7465d57fec2684239b07da0f5ec884c6c71a768297f73c348f22e04acd92",
  "https://deno.land/std@0.71.0/bytes/mod.ts": "b1a149ac741728db00bda9ce1a2d044f248edd5ac95e708a6cc501bfd3adb4a7",
  "https://deno.land/std@0.71.0/encoding/utf8.ts": "1b7e77db9a12363c67872f8a208886ca1329f160c1ca9133b13d2ed399688b99",
  "https://deno.land/std@0.71.0/fs/_util.ts": "9318f5253cb09177280bdce64b6af97012707cdb458c02864811c2bae1dd1dbd",
  "https://deno.land/std@0.71.0/fs/ensure_dir.ts": "54cf0cfb16160857116d1bdff98214ad0189275fe2f089607fdc06c52ac79cc4",
  "https://deno.land/std@0.71.0/fs/ensure_file.ts": "b70eccaee6f41ae226d399ad9c8ebc29beb5dd86fe179d30ab7e681976352baf",
  "https://deno.land/std@0.71.0/io/bufio.ts": "9fdfcd7e408aa01cbd31e5d8c90cb8a648635db12e05ba78534296e696c635ee",
  "https://deno.land/std@0.71.0/io/readers.ts": "4c2e98abf2a2a1d5e2adaf460479a1c69f742951c1bc141b26654d2f5248b663",
  "https://deno.land/std@0.71.0/node/_utils.ts": "9fdd38e53754fc7e4fc38ab472a56be9ef3ce32c3503ac7b84ca1e0f563f69fa",
  "https://deno.land/std@0.71.0/node/events.ts": "00fb524c3b10fc1a55f292c26dc6c949b8a31ac6d51c0db0c3a47ff13d2c46d4",
  "https://deno.land/std@0.71.0/path/_constants.ts": "aba480c4a2c098b6374fdd5951fea13ecc8aaaf8b8aa4dae1871baa50243d676",
  "https://deno.land/std@0.71.0/path/_interface.ts": "67b276380d297a7cedc3c17f7a0bf122edcfc96a3e1f69de06f379d85ba0e2c0",
  "https://deno.land/std@0.71.0/path/_util.ts": "f0fa012d40ae9b6acbef03908e534eb11e694de6470fb4d78ea4f38829e735ab",
  "https://deno.land/std@0.71.0/path/common.ts": "e4ec66a7416d56f60331b66e27a8a4f08c7b1cf48e350271cb69754a01cf5c04",
  "https://deno.land/std@0.71.0/path/glob.ts": "43cc45e8649a35a199c4106dfdf66206f46dfd8e2e626a746512c1a1376fde99",
  "https://deno.land/std@0.71.0/path/mod.ts": "6de8885c2534757097818e302becd1cefcbc4c28ac022cc279e612ee04e8cfd1",
  "https://deno.land/std@0.71.0/path/posix.ts": "40c387415fca91b3482214cf74880c415cda90b337bebd2c9d4b62d2097bc146",
  "https://deno.land/std@0.71.0/path/separator.ts": "9dd15d46ff84a16e13554f56af7fee1f85f8d0f379efbbe60ac066a60561f036",
  "https://deno.land/std@0.71.0/path/win32.ts": "9e200471f24fb560d22e74b238133cb75ebb57bead933de1cc5aefed4cda3346",
  "https://deno.land/std@0.84.0/_util/assert.ts": "2f868145a042a11d5ad0a3c748dcf580add8a0dbc0e876eaa0026303a5488f58",
  "https://deno.land/std@0.84.0/_util/os.ts": "e282950a0eaa96760c0cf11e7463e66babd15ec9157d4c9ed49cc0925686f6a7",
  "https://deno.land/std@0.84.0/path/_constants.ts": "1247fee4a79b70c89f23499691ef169b41b6ccf01887a0abd131009c5581b853",
  "https://deno.land/std@0.84.0/path/_interface.ts": "1fa73b02aaa24867e481a48492b44f2598cd9dfa513c7b34001437007d3642e4",
  "https://deno.land/std@0.84.0/path/_util.ts": "f4fa69aa3cbbd8568763bfc43c7236875015ba343602d8bafd332b4b4243681b",
  "https://deno.land/std@0.84.0/path/common.ts": "eaf03d08b569e8a87e674e4e265e099f237472b6fd135b3cbeae5827035ea14a",
  "https://deno.land/std@0.84.0/path/glob.ts": "4a524c1c9da3e79a9fdabdc6e850cd9e41bdf31e442856ffa19c5b123268ca95",
  "https://deno.land/std@0.84.0/path/mod.ts": "4465dc494f271b02569edbb4a18d727063b5dbd6ed84283ff906260970a15d12",
  "https://deno.land/std@0.84.0/path/posix.ts": "1408f8ba482a4dc5fc0a7cd7be28bbbff9608d2b3b5ffdcf288ae1228d959add",
  "https://deno.land/std@0.84.0/path/separator.ts": "8fdcf289b1b76fd726a508f57d3370ca029ae6976fcde5044007f062e643ff1c",
  "https://deno.land/std@0.84.0/path/win32.ts": "6ca052f54500f00cd7a5172fde62900626ab620dcd5bdcf4e6f5695d001ddef6",
  "https://deno.land/std@0.95.0/_util/assert.ts": "2f868145a042a11d5ad0a3c748dcf580add8a0dbc0e876eaa0026303a5488f58",
  "https://deno.land/std@0.95.0/_util/has_own_property.ts": "f5edd94ed3f3c20c517d812045deb97977e18501c9b7105b5f5c11a31893d7a2",
  "https://deno.land/std@0.95.0/_util/os.ts": "e282950a0eaa96760c0cf11e7463e66babd15ec9157d4c9ed49cc0925686f6a7",
  "https://deno.land/std@0.95.0/async/deferred.ts": "624bef4b755b71394620508a0c234a93cb8020cbd1b04bfcdad41c174392cef6",
  "https://deno.land/std@0.95.0/async/delay.ts": "9de1d8d07d1927767ab7f82434b883f3d8294fb19cad819691a2ad81a728cf3d",
  "https://deno.land/std@0.95.0/async/mod.ts": "253b41c658d768613eacfb11caa0a9ca7148442f932018a45576f7f27554c853",
  "https://deno.land/std@0.95.0/async/mux_async_iterator.ts": "c405c4c1194f7600189aa81dfe243e165c27f36eaea88a301fa2a74ce974548b",
  "https://deno.land/std@0.95.0/async/pool.ts": "353ce4f91865da203a097aa6f33de8966340c91b6f4a055611c8c5d534afd12f",
  "https://deno.land/std@0.95.0/bytes/mod.ts": "1ae1ccfe98c4b979f12b015982c7444f81fcb921bea7aa215bf37d84f46e1e13",
  "https://deno.land/std@0.95.0/encoding/_yaml/dumper/dumper.ts": "0263c52af22198d72afad43fcf83007b2b586e4ce1cb6516d93c9d190a1add56",
  "https://deno.land/std@0.95.0/encoding/_yaml/dumper/dumper_state.ts": "c891f455f5724ec0ead1b970245e757da56e834bafee56ca5caba94d4ee4ecab",
  "https://deno.land/std@0.95.0/encoding/_yaml/error.ts": "37127caf2a57a58ed1f4761d1786f341b8169b81cddd8143ee707c5ae8381ed1",
  "https://deno.land/std@0.95.0/encoding/_yaml/loader/loader.ts": "3dec6bf72a2e28dc25fbb3a9d4c3fe2fbce5afb8e609f98775240ceb39df2fa0",
  "https://deno.land/std@0.95.0/encoding/_yaml/loader/loader_state.ts": "b419c93cd239241a0b0cd15d6f7e641e8e8259f92786e98180c62a37c1f4f2c8",
  "https://deno.land/std@0.95.0/encoding/_yaml/mark.ts": "bea6f1b15a2398541a7b98224cedfdad0b5070a6091d2a64f6f1a7f9552f45d9",
  "https://deno.land/std@0.95.0/encoding/_yaml/parse.ts": "760d72477e4a9427a44a05cbfdfd36c49e016e03d4d5d5e85291222472d67c26",
  "https://deno.land/std@0.95.0/encoding/_yaml/schema.ts": "f455506cfdb6a9b43b1392afebc8bf47f9e07b87f1d892a2bc7aa4bf27b879c4",
  "https://deno.land/std@0.95.0/encoding/_yaml/schema/core.ts": "60bc5880ae4bf8a856b7376b4f573688d018207c7095c4e3b7f6f78fb566fb96",
  "https://deno.land/std@0.95.0/encoding/_yaml/schema/default.ts": "aa3191b304e78237511b30eccc0c02fe1e6138de08d63ce79243dff57eefaa3a",
  "https://deno.land/std@0.95.0/encoding/_yaml/schema/extended.ts": "838bb2f31fcf5364b8c5d58f8d0e421aaa7b5dcc6ead0e7ed45a70026ea18683",
  "https://deno.land/std@0.95.0/encoding/_yaml/schema/failsafe.ts": "99b32bbdf1f1d1a9f89412a3047b240df3910348bada9b6addb3d32e45707421",
  "https://deno.land/std@0.95.0/encoding/_yaml/schema/json.ts": "46cb110cf78c5eb1ea1cb3a022d9785c16346758c5fd796445625e3eba5e397c",
  "https://deno.land/std@0.95.0/encoding/_yaml/schema/mod.ts": "887883e91e15d85687a810dbd2337c91f6bc24cc89fa8d487e5fbb0851fc9d32",
  "https://deno.land/std@0.95.0/encoding/_yaml/state.ts": "b4c16a80245ccbf46e5d7e537686216fb178e6e17465edaad52dcc46ca061bc0",
  "https://deno.land/std@0.95.0/encoding/_yaml/stringify.ts": "7ffd3226730f8d29efab367e99ac772a254c59277bb6214fc9eb669a99be6b2b",
  "https://deno.land/std@0.95.0/encoding/_yaml/type.ts": "c8035db697dcbad50d3d714aab71f932f024067ce443475882ee14e721237f33",
  "https://deno.land/std@0.95.0/encoding/_yaml/type/binary.ts": "770b3b1f32ef6e5d39766c449137270aa6da6b75dbe7b1c5fafcaa0c3035df77",
  "https://deno.land/std@0.95.0/encoding/_yaml/type/bool.ts": "9d98f676db1004a096f484d3cffc3d6647edc1b1dcb36a6763d4058aa7c8d7ff",
  "https://deno.land/std@0.95.0/encoding/_yaml/type/float.ts": "8523e91d7e0e776cd28a7505883b707342d02f167cf2f70cbad907086f8070d1",
  "https://deno.land/std@0.95.0/encoding/_yaml/type/function.ts": "2d4a308bbcd29236047473f751cd628d6383d4cdd5d20078a03278ad3b1b7f3a",
  "https://deno.land/std@0.95.0/encoding/_yaml/type/int.ts": "ddd0b4dceaf4004f0d186832430fe622f14c576e8fc1847d8700c9962bd0b224",
  "https://deno.land/std@0.95.0/encoding/_yaml/type/map.ts": "1a6adda80abb559d194c2a6c921d77d1663efc528c3436eac30b6c865999cbf2",
  "https://deno.land/std@0.95.0/encoding/_yaml/type/merge.ts": "d72e0676455ab82a08ed67bbaec26911730d355600477b339918cc714a9404d2",
  "https://deno.land/std@0.95.0/encoding/_yaml/type/mod.ts": "9e93a15efbe9b2d98ec55d782913d8d263d4bfb2c8df89a59b39ac7a46e421de",
  "https://deno.land/std@0.95.0/encoding/_yaml/type/nil.ts": "93a6a43ed4cd82aeedf8866a436d050476ed8bf0c92bf77c5b762f146e634578",
  "https://deno.land/std@0.95.0/encoding/_yaml/type/omap.ts": "f9059576c95bce96906d9507245d0cb9539b96ec9653981879c4d2d217567e2e",
  "https://deno.land/std@0.95.0/encoding/_yaml/type/pairs.ts": "a50dcd677afaaed51a0629c5bde12b1632a7532e03611ef674e034b4140e0940",
  "https://deno.land/std@0.95.0/encoding/_yaml/type/regexp.ts": "e571f0888d7cceaa8056293be0914789bdd0eedd4372f4b532da395c6e5db4fa",
  "https://deno.land/std@0.95.0/encoding/_yaml/type/seq.ts": "50f1dbf35c2858c6e91b88964bc94836bea50da90a88b4df7814a1319bce921d",
  "https://deno.land/std@0.95.0/encoding/_yaml/type/set.ts": "2c9f20b540bd0f3af6264d79c2edf7ffbfc35a4c158fa479361dc579383e5fdf",
  "https://deno.land/std@0.95.0/encoding/_yaml/type/str.ts": "c24c0d7eaba943f2a30f827120be280ccf3fe903ebd31d5beb229965afd582b7",
  "https://deno.land/std@0.95.0/encoding/_yaml/type/timestamp.ts": "4e7221a8e2eafc818bd5b41ccf0636656044a9ca4892fa5763f45cb1733701fa",
  "https://deno.land/std@0.95.0/encoding/_yaml/type/undefined.ts": "bc774444b3a8d9b36cf8c032492584a629597b54cf34b791ed0280de9332296e",
  "https://deno.land/std@0.95.0/encoding/_yaml/utils.ts": "2c01dc0321ca969b208e244fa278f29ba7a5fdda2fba73b0f48dea99a4deb91b",
  "https://deno.land/std@0.95.0/encoding/yaml.ts": "4989e7fe0be3813f79214a2c0039b71398e8bb61d5667f0d60236e240754ebd3",
  "https://deno.land/std@0.95.0/flags/mod.ts": "0994240ad009980e46bc3bb1314e9469c7241617e4345b27afc82097fdbef841",
  "https://deno.land/std@0.95.0/fmt/colors.ts": "db22b314a2ae9430ae7460ce005e0a7130e23ae1c999157e3bb77cf55800f7e4",
  "https://deno.land/std@0.95.0/fs/exists.ts": "b0d2e31654819cc2a8d37df45d6b14686c0cc1d802e9ff09e902a63e98b85a00",
  "https://deno.land/std@0.95.0/fs/walk.ts": "8d37f2164a7397668842a7cb5d53b9e7bcd216462623b1b96abe519f76d7f8b9",
  "https://deno.land/std@0.95.0/hash/sha1.ts": "1cca324b4b253885a47f121adafcfac55b4cc96113e22b338e1db26f37a730b8",
  "https://deno.land/std@0.95.0/http/_io.ts": "a04ecb9ffef7963d2ccb332b3d5ba1e2efd6ff4d029c3df62833a43058955439",
  "https://deno.land/std@0.95.0/http/http_status.ts": "ebaa9bebfb8adc3d7b20c49e11037e4eefd79629ad80d81383933f4cdc91b3eb",
  "https://deno.land/std@0.95.0/http/server.ts": "f71555bcf2f8e94bef9617f747d7f2adce883187e197396f83c0975378e84bf5",
  "https://deno.land/std@0.95.0/io/buffer.ts": "c4717e49f742a1ddd0dd6f547cdbd9d15f5dac2c86df666579f50e5d090266ce",
  "https://deno.land/std@0.95.0/io/bufio.ts": "729ea49afacd27ed0687451c694752dcaa68250871d1c957ca886ef5d82c461f",
  "https://deno.land/std@0.95.0/io/ioutil.ts": "275fa440494df9b4b3aa656301ced2eeac533feec128b3a39b2b40f4cd957e42",
  "https://deno.land/std@0.95.0/io/streams.ts": "9e0e5b4a6dfe3ef26c07f6a51e7289d80dcba863fb28059547da81418eeeb9d6",
  "https://deno.land/std@0.95.0/io/util.ts": "843ccf667ff291ba2315c2419a54b4e76dbc7c0f6c3152f640eac4dc954e3753",
  "https://deno.land/std@0.95.0/log/handlers.ts": "d7f96064b1db110f66a4c51bda59eeb0698c0c13a1eeaccf85843bdb1d5a0b90",
  "https://deno.land/std@0.95.0/log/levels.ts": "088a883039ece5fa0da5f74bc7688654045ea7cb01bf200b438191a28d728eae",
  "https://deno.land/std@0.95.0/log/logger.ts": "6b2dd8cbe6f407100b9becfe61595d7681f8ce3692412fad843de84d617a038e",
  "https://deno.land/std@0.95.0/log/mod.ts": "91711789b28803082b1bdfb123d2c9685a7e01767f2e79c0a82706063ad964d8",
  "https://deno.land/std@0.95.0/path/_constants.ts": "1247fee4a79b70c89f23499691ef169b41b6ccf01887a0abd131009c5581b853",
  "https://deno.land/std@0.95.0/path/_interface.ts": "1fa73b02aaa24867e481a48492b44f2598cd9dfa513c7b34001437007d3642e4",
  "https://deno.land/std@0.95.0/path/_util.ts": "2e06a3b9e79beaf62687196bd4b60a4c391d862cfa007a20fc3a39f778ba073b",
  "https://deno.land/std@0.95.0/path/common.ts": "eaf03d08b569e8a87e674e4e265e099f237472b6fd135b3cbeae5827035ea14a",
  "https://deno.land/std@0.95.0/path/glob.ts": "314ad9ff263b895795208cdd4d5e35a44618ca3c6dd155e226fb15d065008652",
  "https://deno.land/std@0.95.0/path/mod.ts": "4465dc494f271b02569edbb4a18d727063b5dbd6ed84283ff906260970a15d12",
  "https://deno.land/std@0.95.0/path/posix.ts": "f56c3c99feb47f30a40ce9d252ef6f00296fa7c0fcb6dd81211bdb3b8b99ca3b",
  "https://deno.land/std@0.95.0/path/separator.ts": "8fdcf289b1b76fd726a508f57d3370ca029ae6976fcde5044007f062e643ff1c",
  "https://deno.land/std@0.95.0/path/win32.ts": "77f7b3604e0de40f3a7c698e8a79e7f601dc187035a1c21cb1e596666ce112f8",
  "https://deno.land/std@0.95.0/testing/_diff.ts": "961eaf6d9f5b0a8556c9d835bbc6fa74f5addd7d3b02728ba7936ff93364f7a3",
  "https://deno.land/std@0.95.0/testing/asserts.ts": "06ca5f20da42af5960bab649010b6e3e3e476f695223bffe11ce7ae80365b262",
  "https://deno.land/std@0.95.0/textproto/mod.ts": "1c89b39a079dd158893ab2e9ff79391c66049433d6ca82da7d64b32280570d51",
  "https://deno.land/std@0.95.0/ws/mod.ts": "561d12475c04ed91b109e5340ca7f2cfe0421613792586c3d8a4c825ad722f59",
  "https://deno.land/x/accepts@2.1.0/deps.ts": "15190dfb504b920508972e0319f652f045d44e0310efeda755b08c1f375b5847",
  "https://deno.land/x/accepts@2.1.0/mod.ts": "ae058b80ba4e560ca9bd1eb4a488f5d6aeed9437fa192bc4903764fa653032cf",
  "https://deno.land/x/base64@v0.2.1/base.ts": "47dc8d68f07dc91524bdd6db36eccbe59cf4d935b5fc09f27357a3944bb3ff7b",
  "https://deno.land/x/base64@v0.2.1/mod.ts": "1cbdc4ba7229d3c6d1763fecdb9d46844777c7e153abb6dabea8b0dd01448db4",
  "https://deno.land/x/compress@v0.3.6/deps.ts": "45958f0f1ac0ef3b5841c45f92ef5c12da77b5c8517f25bf98db8cc1d9aa4a6d",
  "https://deno.land/x/compress@v0.3.6/gzip/gzip.ts": "e0132fb8af25fd4256125cc701dd4f4a590f93d6604d42ab1dfc4679efb5d950",
  "https://deno.land/x/compress@v0.3.6/gzip/gzip_file.ts": "4d23399c1b17a6e65ce2e7dcb3fad0bc81b9920d010bd50b53c468de226c818c",
  "https://deno.land/x/compress@v0.3.6/gzip/gzip_stream.ts": "9d4291c5ef3b7abce05b16450f7a0bcdd1c7d12ecd113417578d90e02eebb760",
  "https://deno.land/x/compress@v0.3.6/gzip/mod.ts": "42a51f43eedbdc8522dec16c6ef58671f06b1ba270b86a14780af8a0bc017366",
  "https://deno.land/x/compress@v0.3.6/gzip/writer_gunzip.ts": "0e08971118dc7f22f67312f0700c8a854bec747c28c183e4c1cf5d6d7c5ef19d",
  "https://deno.land/x/compress@v0.3.6/gzip/writer_gzip.ts": "151d731e84dccdcaee2fde7b668a8ae0dc8f300f36b14a60202747113abeb151",
  "https://deno.land/x/compress@v0.3.6/interface.ts": "169067c1fc3c6ac677afbffd2df59418a4927d851252fac67b881ada4dd6a1ba",
  "https://deno.land/x/compress@v0.3.6/mod.ts": "19be50e35e5bf50bfbf7895ae953aa30314fdd10bff2f919a7417cca5ded55a6",
  "https://deno.land/x/compress@v0.3.6/tar/mod.ts": "a7b709d7886f42e724516a7fa1522876b06b7f361c1fa908c486714be42a278b",
  "https://deno.land/x/compress@v0.3.6/tgz/mod.ts": "cc2c230c3b97b7965aaa287acb546f8da0e65933cd7a3f4ba7f6e89f80b61853",
  "https://deno.land/x/compress@v0.3.6/utils/uint8.ts": "7d15b88caaab8ac22330ce9660a78a778435d0ae7d52e3ab3762ef64d17ed66d",
  "https://deno.land/x/compress@v0.3.6/zlib/deflate.ts": "0b961469e76f67adbfb52ca72ae110de123710647885816de69b7c1a697c681c",
  "https://deno.land/x/compress@v0.3.6/zlib/inflate.ts": "450ff50e1d7d9716f3afcf0468d391775f87a17824ec203e02fc706404cb641f",
  "https://deno.land/x/compress@v0.3.6/zlib/mod.ts": "4dca9c1e934b7ab27f31c318abd7bfd39b09be96fd76ba27bd46f3a4e73b4ad0",
  "https://deno.land/x/compress@v0.3.6/zlib/zlib/adler32.ts": "e34c7596d63a655755c4b0a44a40d4f9c1d1c4d3b891e5c1f3f840f8939e1940",
  "https://deno.land/x/compress@v0.3.6/zlib/zlib/crc32.ts": "b9bc4adaf327d32585205d1176bd52f6453c06dd1040544611d4c869e638119c",
  "https://deno.land/x/compress@v0.3.6/zlib/zlib/deflate.ts": "1bfcd8a92cd2d7c247c26a2d35bfa08d05281f5be89ac95a4655bfb7b32d4912",
  "https://deno.land/x/compress@v0.3.6/zlib/zlib/gzheader.ts": "11e6da7383447aae9791308dc2350a809fa341a876a2da396b03a2a31408c20c",
  "https://deno.land/x/compress@v0.3.6/zlib/zlib/inffast.ts": "282daf5ea16bb876d26e342f3c24fe1a8ec84640e713a970b02232955a853f86",
  "https://deno.land/x/compress@v0.3.6/zlib/zlib/inflate.ts": "880fb3fd1713b5904aed21e610699c0a0c8440f845daf9bf56b4830473f726c3",
  "https://deno.land/x/compress@v0.3.6/zlib/zlib/inftrees.ts": "8a6d765a5c42bf3b6990060cabbe52e88493f8ce6d082e6e35d97756914cfb8e",
  "https://deno.land/x/compress@v0.3.6/zlib/zlib/messages.ts": "c82229bd67ccc3b6162f3aca1c5e7f936e546aa91ac9a9ac4fcfefc3a9dc5ac8",
  "https://deno.land/x/compress@v0.3.6/zlib/zlib/status.ts": "5987864d2d43d59bbbfa2e6ef4d5a07284c1d10489cc5843ddf41ac547957ac3",
  "https://deno.land/x/compress@v0.3.6/zlib/zlib/trees.ts": "6575455707d62cd430f3fd1634cdb10ab6ac00212df11b6a7b31f1acc4ed0675",
  "https://deno.land/x/compress@v0.3.6/zlib/zlib/zstream.ts": "c110fd5919235e317d64933852e24a1bba0126202be592e90e58f7b19315ad93",
  "https://deno.land/x/crc32@v0.2.0/mod.ts": "de7a3fa2d4ef24b96fc21e1cc4d2d65d1d2b1dcea92f63960e3e11bfa82df0fa",
  "https://deno.land/x/media_types@v2.4.7/db.ts": "56a9deab286b6283e1df021d74ee3319353f27f7827716b6443427fff2fc6e24",
  "https://deno.land/x/media_types@v2.4.7/deps.ts": "5eb8e569a0c1439f85f4a9888f8f3327b426c8b8f7ba55fdc1124d98d0e17390",
  "https://deno.land/x/media_types@v2.4.7/mod.ts": "94141d7c415fcdad350fec9d36d77c18334efe25766db6f37d34709c896881ed",
  "https://deno.land/x/media_types@v2.7.1/db.ts": "1d95aa3fc1fe076638550640609394f0e157b18b430800e419aa7ece5c151d9c",
  "https://deno.land/x/media_types@v2.7.1/deps.ts": "cd4c31e4b5ed8c4d8c61bd2fb38a82d68d3fd2dcf6d43f22511cbe6d9d310e51",
  "https://deno.land/x/media_types@v2.7.1/mod.ts": "d63583b978d32eff8b76e1ae5d83cba2fb27baa90cc1bcb0ad15a06122ea8c19",
  "https://deno.land/x/negotiator@1.0.1/mod.ts": "d8b28a0a7b2d75c944cebef8f87a58eeb344974d432fe0dea85e2d98e03daf24",
  "https://deno.land/x/negotiator@1.0.1/src/charset.ts": "ca9e78c774c59fed90e31eed9901b6ac78348cbba1adbba71364abdf56dce7e0",
  "https://deno.land/x/negotiator@1.0.1/src/encoding.ts": "bd3e980c10de08798192cd56f1913e0c9f9be2b56391d7b4213f448cc94a0140",
  "https://deno.land/x/negotiator@1.0.1/src/language.ts": "bd822581a7621bbe8c3157d38b4f1ec5a35d75eb58bf6be927d477d929e689a2",
  "https://deno.land/x/negotiator@1.0.1/src/media_type.ts": "bde7a0f6a276fdb3b72569832ca6050ce5bcacad9d493029239af768bd06149f",
  "https://deno.land/x/negotiator@1.0.1/src/types.ts": "3f2a779b3432bd5e2942965f326d82962e7e9b7a72b30fd81aeb0128f898303d"
}